// !$*UTF8*$!
{
	archiveVersion = 1;
	classes = {
	};
	objectVersion = 55;
	objects = {

/* Begin PBXBuildFile section */
		2C03F6AE28F1C5EF00AA1992 /* TempWindCell.swift in Sources */ = {isa = PBXBuildFile; fileRef = 2C03F6AC28F1C5EF00AA1992 /* TempWindCell.swift */; };
		2C03F6AF28F1C5EF00AA1992 /* TempWindCell.xib in Resources */ = {isa = PBXBuildFile; fileRef = 2C03F6AD28F1C5EF00AA1992 /* TempWindCell.xib */; };
		2C9D041C28F1696E00DD9559 /* AppDelegate.swift in Sources */ = {isa = PBXBuildFile; fileRef = 2C9D041B28F1696E00DD9559 /* AppDelegate.swift */; };
		2C9D041E28F1696E00DD9559 /* SceneDelegate.swift in Sources */ = {isa = PBXBuildFile; fileRef = 2C9D041D28F1696E00DD9559 /* SceneDelegate.swift */; };
		2C9D042028F1696E00DD9559 /* SplashVC.swift in Sources */ = {isa = PBXBuildFile; fileRef = 2C9D041F28F1696E00DD9559 /* SplashVC.swift */; };
		2C9D042328F1696E00DD9559 /* Main.storyboard in Resources */ = {isa = PBXBuildFile; fileRef = 2C9D042128F1696E00DD9559 /* Main.storyboard */; };
		2C9D042528F1697000DD9559 /* Assets.xcassets in Resources */ = {isa = PBXBuildFile; fileRef = 2C9D042428F1697000DD9559 /* Assets.xcassets */; };
		2C9D042828F1697000DD9559 /* LaunchScreen.storyboard in Resources */ = {isa = PBXBuildFile; fileRef = 2C9D042628F1697000DD9559 /* LaunchScreen.storyboard */; };
		2C9D043028F16FE800DD9559 /* WeatherVC.swift in Sources */ = {isa = PBXBuildFile; fileRef = 2C9D042F28F16FE800DD9559 /* WeatherVC.swift */; };
		2C9D044428F1707900DD9559 /* UICollectionView+WA.swift in Sources */ = {isa = PBXBuildFile; fileRef = 2C9D043528F1707900DD9559 /* UICollectionView+WA.swift */; };
		2C9D044528F1707900DD9559 /* UIViewController+WA.swift in Sources */ = {isa = PBXBuildFile; fileRef = 2C9D043628F1707900DD9559 /* UIViewController+WA.swift */; };
		2C9D044628F1707900DD9559 /* UITableView+WA.swift in Sources */ = {isa = PBXBuildFile; fileRef = 2C9D043728F1707900DD9559 /* UITableView+WA.swift */; };
		2C9D044F28F1707900DD9559 /* Collection+WA.swift in Sources */ = {isa = PBXBuildFile; fileRef = 2C9D044028F1707900DD9559 /* Collection+WA.swift */; };
		2C9D045F28F1717500DD9559 /* WAActivityIndicator.swift in Sources */ = {isa = PBXBuildFile; fileRef = 2C9D045728F1717500DD9559 /* WAActivityIndicator.swift */; };
		2C9D047D28F17F3D00DD9559 /* Constants.swift in Sources */ = {isa = PBXBuildFile; fileRef = 2C9D047C28F17F3D00DD9559 /* Constants.swift */; };
		2C9D048128F181B100DD9559 /* WeatherCell.swift in Sources */ = {isa = PBXBuildFile; fileRef = 2C9D047F28F181B100DD9559 /* WeatherCell.swift */; };
		2C9D048228F181B100DD9559 /* WeatherCell.xib in Resources */ = {isa = PBXBuildFile; fileRef = 2C9D048028F181B100DD9559 /* WeatherCell.xib */; };
		2C9D048528F19A5F00DD9559 /* WeatherModel.swift in Sources */ = {isa = PBXBuildFile; fileRef = 2C9D048428F19A5F00DD9559 /* WeatherModel.swift */; };
		2C9D048728F19DD300DD9559 /* WeatherVM.swift in Sources */ = {isa = PBXBuildFile; fileRef = 2C9D048628F19DD300DD9559 /* WeatherVM.swift */; };
		2C9D048928F1A52B00DD9559 /* Array+WA.swift in Sources */ = {isa = PBXBuildFile; fileRef = 2C9D048828F1A52B00DD9559 /* Array+WA.swift */; };
		2C9D048B28F1A76E00DD9559 /* Double+WA.swift in Sources */ = {isa = PBXBuildFile; fileRef = 2C9D048A28F1A76E00DD9559 /* Double+WA.swift */; };
		2C9D048D28F1AA5E00DD9559 /* PickCountryVC.swift in Sources */ = {isa = PBXBuildFile; fileRef = 2C9D048C28F1AA5E00DD9559 /* PickCountryVC.swift */; };
		2CD3225128F2D17900D4DCB7 /* WeatherService.swift in Sources */ = {isa = PBXBuildFile; fileRef = 2CD3225028F2D17900D4DCB7 /* WeatherService.swift */; };
		2CD3225828F2E69200D4DCB7 /* WALocationManager.swift in Sources */ = {isa = PBXBuildFile; fileRef = 2CD3225628F2E69200D4DCB7 /* WALocationManager.swift */; };
/* End PBXBuildFile section */

/* Begin PBXFileReference section */
		2C03F6AC28F1C5EF00AA1992 /* TempWindCell.swift */ = {isa = PBXFileReference; lastKnownFileType = sourcecode.swift; path = TempWindCell.swift; sourceTree = "<group>"; };
		2C03F6AD28F1C5EF00AA1992 /* TempWindCell.xib */ = {isa = PBXFileReference; lastKnownFileType = file.xib; path = TempWindCell.xib; sourceTree = "<group>"; };
		2C9D041828F1696E00DD9559 /* Weather App.app */ = {isa = PBXFileReference; explicitFileType = wrapper.application; includeInIndex = 0; path = "Weather App.app"; sourceTree = BUILT_PRODUCTS_DIR; };
		2C9D041B28F1696E00DD9559 /* AppDelegate.swift */ = {isa = PBXFileReference; lastKnownFileType = sourcecode.swift; path = AppDelegate.swift; sourceTree = "<group>"; };
		2C9D041D28F1696E00DD9559 /* SceneDelegate.swift */ = {isa = PBXFileReference; lastKnownFileType = sourcecode.swift; path = SceneDelegate.swift; sourceTree = "<group>"; };
		2C9D041F28F1696E00DD9559 /* SplashVC.swift */ = {isa = PBXFileReference; lastKnownFileType = sourcecode.swift; path = SplashVC.swift; sourceTree = "<group>"; };
		2C9D042228F1696E00DD9559 /* Base */ = {isa = PBXFileReference; lastKnownFileType = file.storyboard; name = Base; path = Base.lproj/Main.storyboard; sourceTree = "<group>"; };
		2C9D042428F1697000DD9559 /* Assets.xcassets */ = {isa = PBXFileReference; lastKnownFileType = folder.assetcatalog; path = Assets.xcassets; sourceTree = "<group>"; };
		2C9D042728F1697000DD9559 /* Base */ = {isa = PBXFileReference; lastKnownFileType = file.storyboard; name = Base; path = Base.lproj/LaunchScreen.storyboard; sourceTree = "<group>"; };
		2C9D042928F1697000DD9559 /* Info.plist */ = {isa = PBXFileReference; lastKnownFileType = text.plist.xml; path = Info.plist; sourceTree = "<group>"; };
		2C9D042F28F16FE800DD9559 /* WeatherVC.swift */ = {isa = PBXFileReference; lastKnownFileType = sourcecode.swift; path = WeatherVC.swift; sourceTree = "<group>"; };
		2C9D043528F1707900DD9559 /* UICollectionView+WA.swift */ = {isa = PBXFileReference; fileEncoding = 4; lastKnownFileType = sourcecode.swift; path = "UICollectionView+WA.swift"; sourceTree = "<group>"; };
		2C9D043628F1707900DD9559 /* UIViewController+WA.swift */ = {isa = PBXFileReference; fileEncoding = 4; lastKnownFileType = sourcecode.swift; path = "UIViewController+WA.swift"; sourceTree = "<group>"; };
		2C9D043728F1707900DD9559 /* UITableView+WA.swift */ = {isa = PBXFileReference; fileEncoding = 4; lastKnownFileType = sourcecode.swift; path = "UITableView+WA.swift"; sourceTree = "<group>"; };
		2C9D044028F1707900DD9559 /* Collection+WA.swift */ = {isa = PBXFileReference; fileEncoding = 4; lastKnownFileType = sourcecode.swift; path = "Collection+WA.swift"; sourceTree = "<group>"; };
		2C9D045728F1717500DD9559 /* WAActivityIndicator.swift */ = {isa = PBXFileReference; fileEncoding = 4; lastKnownFileType = sourcecode.swift; path = WAActivityIndicator.swift; sourceTree = "<group>"; };
		2C9D047C28F17F3D00DD9559 /* Constants.swift */ = {isa = PBXFileReference; lastKnownFileType = sourcecode.swift; path = Constants.swift; sourceTree = "<group>"; };
		2C9D047F28F181B100DD9559 /* WeatherCell.swift */ = {isa = PBXFileReference; lastKnownFileType = sourcecode.swift; path = WeatherCell.swift; sourceTree = "<group>"; };
		2C9D048028F181B100DD9559 /* WeatherCell.xib */ = {isa = PBXFileReference; lastKnownFileType = file.xib; path = WeatherCell.xib; sourceTree = "<group>"; };
		2C9D048428F19A5F00DD9559 /* WeatherModel.swift */ = {isa = PBXFileReference; lastKnownFileType = sourcecode.swift; path = WeatherModel.swift; sourceTree = "<group>"; };
		2C9D048628F19DD300DD9559 /* WeatherVM.swift */ = {isa = PBXFileReference; lastKnownFileType = sourcecode.swift; path = WeatherVM.swift; sourceTree = "<group>"; };
		2C9D048828F1A52B00DD9559 /* Array+WA.swift */ = {isa = PBXFileReference; lastKnownFileType = sourcecode.swift; path = "Array+WA.swift"; sourceTree = "<group>"; };
		2C9D048A28F1A76E00DD9559 /* Double+WA.swift */ = {isa = PBXFileReference; lastKnownFileType = sourcecode.swift; path = "Double+WA.swift"; sourceTree = "<group>"; };
		2C9D048C28F1AA5E00DD9559 /* PickCountryVC.swift */ = {isa = PBXFileReference; lastKnownFileType = sourcecode.swift; path = PickCountryVC.swift; sourceTree = "<group>"; };
		2CD3225028F2D17900D4DCB7 /* WeatherService.swift */ = {isa = PBXFileReference; lastKnownFileType = sourcecode.swift; path = WeatherService.swift; sourceTree = "<group>"; };
		2CD3225628F2E69200D4DCB7 /* WALocationManager.swift */ = {isa = PBXFileReference; fileEncoding = 4; lastKnownFileType = sourcecode.swift; path = WALocationManager.swift; sourceTree = "<group>"; };
/* End PBXFileReference section */

/* Begin PBXFrameworksBuildPhase section */
		2C9D041528F1696E00DD9559 /* Frameworks */ = {
			isa = PBXFrameworksBuildPhase;
			buildActionMask = 2147483647;
			files = (
			);
			runOnlyForDeploymentPostprocessing = 0;
		};
/* End PBXFrameworksBuildPhase section */

/* Begin PBXGroup section */
		2C03F6AB28F1C5AD00AA1992 /* Pick Country */ = {
			isa = PBXGroup;
			children = (
				2C9D048C28F1AA5E00DD9559 /* PickCountryVC.swift */,
			);
			path = "Pick Country";
			sourceTree = "<group>";
		};
		2C03F6B028F1C5F300AA1992 /* TempWindCell */ = {
			isa = PBXGroup;
			children = (
				2C03F6AC28F1C5EF00AA1992 /* TempWindCell.swift */,
				2C03F6AD28F1C5EF00AA1992 /* TempWindCell.xib */,
			);
			path = TempWindCell;
			sourceTree = "<group>";
		};
		2C03F6B128F1CA2100AA1992 /* Models */ = {
			isa = PBXGroup;
			children = (
				2C9D048428F19A5F00DD9559 /* WeatherModel.swift */,
			);
			path = Models;
			sourceTree = "<group>";
		};
		2C05E11628F33C3000F1B4A9 /* Weather */ = {
			isa = PBXGroup;
			children = (
				2C9D042F28F16FE800DD9559 /* WeatherVC.swift */,
				2C9D048628F19DD300DD9559 /* WeatherVM.swift */,
				2C9D048328F181BD00DD9559 /* WeatherCell */,
				2C03F6B028F1C5F300AA1992 /* TempWindCell */,
			);
			path = Weather;
			sourceTree = "<group>";
		};
		2C9D040F28F1696E00DD9559 = {
			isa = PBXGroup;
			children = (
				2C9D041A28F1696E00DD9559 /* Weather App */,
				2C9D041928F1696E00DD9559 /* Products */,
			);
			sourceTree = "<group>";
		};
		2C9D041928F1696E00DD9559 /* Products */ = {
			isa = PBXGroup;
			children = (
				2C9D041828F1696E00DD9559 /* Weather App.app */,
			);
			name = Products;
			sourceTree = "<group>";
		};
		2C9D041A28F1696E00DD9559 /* Weather App */ = {
			isa = PBXGroup;
			children = (
				2C9D041B28F1696E00DD9559 /* AppDelegate.swift */,
				2C9D041D28F1696E00DD9559 /* SceneDelegate.swift */,
				2C9D042628F1697000DD9559 /* LaunchScreen.storyboard */,
				2C9D042928F1697000DD9559 /* Info.plist */,
				2CD3225328F2E67100D4DCB7 /* Utilities */,
				2C9D043128F1707900DD9559 /* Extensions */,
				2C9D045028F1717500DD9559 /* UI Components */,
				2C9D046228F1726A00DD9559 /* Features */,
				2C9D046528F17CB900DD9559 /* Resources */,
			);
			path = "Weather App";
			sourceTree = "<group>";
		};
		2C9D043128F1707900DD9559 /* Extensions */ = {
			isa = PBXGroup;
			children = (
				2C9D043528F1707900DD9559 /* UICollectionView+WA.swift */,
				2C9D043728F1707900DD9559 /* UITableView+WA.swift */,
				2C9D043628F1707900DD9559 /* UIViewController+WA.swift */,
				2C9D044028F1707900DD9559 /* Collection+WA.swift */,
				2C9D048828F1A52B00DD9559 /* Array+WA.swift */,
				2C9D048A28F1A76E00DD9559 /* Double+WA.swift */,
			);
			path = Extensions;
			sourceTree = "<group>";
		};
		2C9D045028F1717500DD9559 /* UI Components */ = {
			isa = PBXGroup;
			children = (
				2C9D045628F1717500DD9559 /* Activity Indicator */,
			);
			path = "UI Components";
			sourceTree = "<group>";
		};
		2C9D045628F1717500DD9559 /* Activity Indicator */ = {
			isa = PBXGroup;
			children = (
				2C9D045728F1717500DD9559 /* WAActivityIndicator.swift */,
			);
			path = "Activity Indicator";
			sourceTree = "<group>";
		};
		2C9D046228F1726A00DD9559 /* Features */ = {
			isa = PBXGroup;
			children = (
				2C03F6B128F1CA2100AA1992 /* Models */,
				2C9D042128F1696E00DD9559 /* Main.storyboard */,
				2C9D046328F1727900DD9559 /* Splash */,
				2C03F6AB28F1C5AD00AA1992 /* Pick Country */,
				2C9D046428F1728200DD9559 /* Weather */,
			);
			path = Features;
			sourceTree = "<group>";
		};
		2C9D046328F1727900DD9559 /* Splash */ = {
			isa = PBXGroup;
			children = (
				2C9D041F28F1696E00DD9559 /* SplashVC.swift */,
			);
			path = Splash;
			sourceTree = "<group>";
		};
		2C9D046428F1728200DD9559 /* Weather */ = {
			isa = PBXGroup;
			children = (
				2CD3225228F2D17F00D4DCB7 /* Service */,
				2C05E11628F33C3000F1B4A9 /* Weather */,
			);
			path = Weather;
			sourceTree = "<group>";
		};
		2C9D046528F17CB900DD9559 /* Resources */ = {
			isa = PBXGroup;
			children = (
				2C9D042428F1697000DD9559 /* Assets.xcassets */,
			);
			path = Resources;
			sourceTree = "<group>";
		};
		2C9D047E28F17F5800DD9559 /* Constants */ = {
			isa = PBXGroup;
			children = (
				2C9D047C28F17F3D00DD9559 /* Constants.swift */,
			);
			path = Constants;
			sourceTree = "<group>";
		};
		2C9D048328F181BD00DD9559 /* WeatherCell */ = {
			isa = PBXGroup;
			children = (
				2C9D047F28F181B100DD9559 /* WeatherCell.swift */,
				2C9D048028F181B100DD9559 /* WeatherCell.xib */,
			);
			path = WeatherCell;
			sourceTree = "<group>";
		};
		2CD3225228F2D17F00D4DCB7 /* Service */ = {
			isa = PBXGroup;
			children = (
				2CD3225028F2D17900D4DCB7 /* WeatherService.swift */,
			);
			path = Service;
			sourceTree = "<group>";
		};
		2CD3225328F2E67100D4DCB7 /* Utilities */ = {
			isa = PBXGroup;
			children = (
				2CD3225428F2E69200D4DCB7 /* Managers */,
				2C9D047E28F17F5800DD9559 /* Constants */,
			);
			path = Utilities;
			sourceTree = "<group>";
		};
		2CD3225428F2E69200D4DCB7 /* Managers */ = {
			isa = PBXGroup;
			children = (
				2CD3225628F2E69200D4DCB7 /* WALocationManager.swift */,
			);
			path = Managers;
			sourceTree = "<group>";
		};
/* End PBXGroup section */

/* Begin PBXNativeTarget section */
		2C9D041728F1696E00DD9559 /* Weather App */ = {
			isa = PBXNativeTarget;
			buildConfigurationList = 2C9D042C28F1697000DD9559 /* Build configuration list for PBXNativeTarget "Weather App" */;
			buildPhases = (
				2C9D041428F1696E00DD9559 /* Sources */,
				2C9D041528F1696E00DD9559 /* Frameworks */,
				2C9D041628F1696E00DD9559 /* Resources */,
			);
			buildRules = (
			);
			dependencies = (
			);
			name = "Weather App";
			productName = "Weather App";
			productReference = 2C9D041828F1696E00DD9559 /* Weather App.app */;
			productType = "com.apple.product-type.application";
		};
/* End PBXNativeTarget section */

/* Begin PBXProject section */
		2C9D041028F1696E00DD9559 /* Project object */ = {
			isa = PBXProject;
			attributes = {
				BuildIndependentTargetsInParallel = 1;
				LastSwiftUpdateCheck = 1340;
				LastUpgradeCheck = 1340;
				TargetAttributes = {
					2C9D041728F1696E00DD9559 = {
						CreatedOnToolsVersion = 13.4;
					};
				};
			};
			buildConfigurationList = 2C9D041328F1696E00DD9559 /* Build configuration list for PBXProject "Weather App" */;
			compatibilityVersion = "Xcode 13.0";
			developmentRegion = en;
			hasScannedForEncodings = 0;
			knownRegions = (
				en,
				Base,
			);
			mainGroup = 2C9D040F28F1696E00DD9559;
			productRefGroup = 2C9D041928F1696E00DD9559 /* Products */;
			projectDirPath = "";
			projectRoot = "";
			targets = (
				2C9D041728F1696E00DD9559 /* Weather App */,
			);
		};
/* End PBXProject section */

/* Begin PBXResourcesBuildPhase section */
		2C9D041628F1696E00DD9559 /* Resources */ = {
			isa = PBXResourcesBuildPhase;
			buildActionMask = 2147483647;
			files = (
				2C9D048228F181B100DD9559 /* WeatherCell.xib in Resources */,
				2C9D042828F1697000DD9559 /* LaunchScreen.storyboard in Resources */,
				2C03F6AF28F1C5EF00AA1992 /* TempWindCell.xib in Resources */,
				2C9D042528F1697000DD9559 /* Assets.xcassets in Resources */,
				2C9D042328F1696E00DD9559 /* Main.storyboard in Resources */,
			);
			runOnlyForDeploymentPostprocessing = 0;
		};
/* End PBXResourcesBuildPhase section */

/* Begin PBXSourcesBuildPhase section */
		2C9D041428F1696E00DD9559 /* Sources */ = {
			isa = PBXSourcesBuildPhase;
			buildActionMask = 2147483647;
			files = (
				2C9D042028F1696E00DD9559 /* SplashVC.swift in Sources */,
				2C9D041C28F1696E00DD9559 /* AppDelegate.swift in Sources */,
				2C9D048D28F1AA5E00DD9559 /* PickCountryVC.swift in Sources */,
				2C9D044528F1707900DD9559 /* UIViewController+WA.swift in Sources */,
				2C9D041E28F1696E00DD9559 /* SceneDelegate.swift in Sources */,
				2C9D045F28F1717500DD9559 /* WAActivityIndicator.swift in Sources */,
				2C9D048128F181B100DD9559 /* WeatherCell.swift in Sources */,
				2C9D047D28F17F3D00DD9559 /* Constants.swift in Sources */,
				2C9D043028F16FE800DD9559 /* WeatherVC.swift in Sources */,
				2CD3225828F2E69200D4DCB7 /* WALocationManager.swift in Sources */,
				2C03F6AE28F1C5EF00AA1992 /* TempWindCell.swift in Sources */,
				2CD3225128F2D17900D4DCB7 /* WeatherService.swift in Sources */,
				2C9D044628F1707900DD9559 /* UITableView+WA.swift in Sources */,
				2C9D044428F1707900DD9559 /* UICollectionView+WA.swift in Sources */,
				2C9D048528F19A5F00DD9559 /* WeatherModel.swift in Sources */,
				2C9D048728F19DD300DD9559 /* WeatherVM.swift in Sources */,
				2C9D048B28F1A76E00DD9559 /* Double+WA.swift in Sources */,
				2C9D044F28F1707900DD9559 /* Collection+WA.swift in Sources */,
				2C9D048928F1A52B00DD9559 /* Array+WA.swift in Sources */,
			);
			runOnlyForDeploymentPostprocessing = 0;
		};
/* End PBXSourcesBuildPhase section */

/* Begin PBXVariantGroup section */
		2C9D042128F1696E00DD9559 /* Main.storyboard */ = {
			isa = PBXVariantGroup;
			children = (
				2C9D042228F1696E00DD9559 /* Base */,
			);
			name = Main.storyboard;
			sourceTree = "<group>";
		};
		2C9D042628F1697000DD9559 /* LaunchScreen.storyboard */ = {
			isa = PBXVariantGroup;
			children = (
				2C9D042728F1697000DD9559 /* Base */,
			);
			name = LaunchScreen.storyboard;
			sourceTree = "<group>";
		};
/* End PBXVariantGroup section */

/* Begin XCBuildConfiguration section */
		2C9D042A28F1697000DD9559 /* Debug */ = {
			isa = XCBuildConfiguration;
			buildSettings = {
				ALWAYS_SEARCH_USER_PATHS = NO;
				CLANG_ANALYZER_NONNULL = YES;
				CLANG_ANALYZER_NUMBER_OBJECT_CONVERSION = YES_AGGRESSIVE;
				CLANG_CXX_LANGUAGE_STANDARD = "gnu++17";
				CLANG_ENABLE_MODULES = YES;
				CLANG_ENABLE_OBJC_ARC = YES;
				CLANG_ENABLE_OBJC_WEAK = YES;
				CLANG_WARN_BLOCK_CAPTURE_AUTORELEASING = YES;
				CLANG_WARN_BOOL_CONVERSION = YES;
				CLANG_WARN_COMMA = YES;
				CLANG_WARN_CONSTANT_CONVERSION = YES;
				CLANG_WARN_DEPRECATED_OBJC_IMPLEMENTATIONS = YES;
				CLANG_WARN_DIRECT_OBJC_ISA_USAGE = YES_ERROR;
				CLANG_WARN_DOCUMENTATION_COMMENTS = YES;
				CLANG_WARN_EMPTY_BODY = YES;
				CLANG_WARN_ENUM_CONVERSION = YES;
				CLANG_WARN_INFINITE_RECURSION = YES;
				CLANG_WARN_INT_CONVERSION = YES;
				CLANG_WARN_NON_LITERAL_NULL_CONVERSION = YES;
				CLANG_WARN_OBJC_IMPLICIT_RETAIN_SELF = YES;
				CLANG_WARN_OBJC_LITERAL_CONVERSION = YES;
				CLANG_WARN_OBJC_ROOT_CLASS = YES_ERROR;
				CLANG_WARN_QUOTED_INCLUDE_IN_FRAMEWORK_HEADER = YES;
				CLANG_WARN_RANGE_LOOP_ANALYSIS = YES;
				CLANG_WARN_STRICT_PROTOTYPES = YES;
				CLANG_WARN_SUSPICIOUS_MOVE = YES;
				CLANG_WARN_UNGUARDED_AVAILABILITY = YES_AGGRESSIVE;
				CLANG_WARN_UNREACHABLE_CODE = YES;
				CLANG_WARN__DUPLICATE_METHOD_MATCH = YES;
				COPY_PHASE_STRIP = NO;
				DEBUG_INFORMATION_FORMAT = dwarf;
				ENABLE_STRICT_OBJC_MSGSEND = YES;
				ENABLE_TESTABILITY = YES;
				GCC_C_LANGUAGE_STANDARD = gnu11;
				GCC_DYNAMIC_NO_PIC = NO;
				GCC_NO_COMMON_BLOCKS = YES;
				GCC_OPTIMIZATION_LEVEL = 0;
				GCC_PREPROCESSOR_DEFINITIONS = (
					"DEBUG=1",
					"$(inherited)",
				);
				GCC_WARN_64_TO_32_BIT_CONVERSION = YES;
				GCC_WARN_ABOUT_RETURN_TYPE = YES_ERROR;
				GCC_WARN_UNDECLARED_SELECTOR = YES;
				GCC_WARN_UNINITIALIZED_AUTOS = YES_AGGRESSIVE;
				GCC_WARN_UNUSED_FUNCTION = YES;
				GCC_WARN_UNUSED_VARIABLE = YES;
				IPHONEOS_DEPLOYMENT_TARGET = 15.5;
				MTL_ENABLE_DEBUG_INFO = INCLUDE_SOURCE;
				MTL_FAST_MATH = YES;
				ONLY_ACTIVE_ARCH = YES;
				SDKROOT = iphoneos;
				SWIFT_ACTIVE_COMPILATION_CONDITIONS = DEBUG;
				SWIFT_OPTIMIZATION_LEVEL = "-Onone";
			};
			name = Debug;
		};
		2C9D042B28F1697000DD9559 /* Release */ = {
			isa = XCBuildConfiguration;
			buildSettings = {
				ALWAYS_SEARCH_USER_PATHS = NO;
				CLANG_ANALYZER_NONNULL = YES;
				CLANG_ANALYZER_NUMBER_OBJECT_CONVERSION = YES_AGGRESSIVE;
				CLANG_CXX_LANGUAGE_STANDARD = "gnu++17";
				CLANG_ENABLE_MODULES = YES;
				CLANG_ENABLE_OBJC_ARC = YES;
				CLANG_ENABLE_OBJC_WEAK = YES;
				CLANG_WARN_BLOCK_CAPTURE_AUTORELEASING = YES;
				CLANG_WARN_BOOL_CONVERSION = YES;
				CLANG_WARN_COMMA = YES;
				CLANG_WARN_CONSTANT_CONVERSION = YES;
				CLANG_WARN_DEPRECATED_OBJC_IMPLEMENTATIONS = YES;
				CLANG_WARN_DIRECT_OBJC_ISA_USAGE = YES_ERROR;
				CLANG_WARN_DOCUMENTATION_COMMENTS = YES;
				CLANG_WARN_EMPTY_BODY = YES;
				CLANG_WARN_ENUM_CONVERSION = YES;
				CLANG_WARN_INFINITE_RECURSION = YES;
				CLANG_WARN_INT_CONVERSION = YES;
				CLANG_WARN_NON_LITERAL_NULL_CONVERSION = YES;
				CLANG_WARN_OBJC_IMPLICIT_RETAIN_SELF = YES;
				CLANG_WARN_OBJC_LITERAL_CONVERSION = YES;
				CLANG_WARN_OBJC_ROOT_CLASS = YES_ERROR;
				CLANG_WARN_QUOTED_INCLUDE_IN_FRAMEWORK_HEADER = YES;
				CLANG_WARN_RANGE_LOOP_ANALYSIS = YES;
				CLANG_WARN_STRICT_PROTOTYPES = YES;
				CLANG_WARN_SUSPICIOUS_MOVE = YES;
				CLANG_WARN_UNGUARDED_AVAILABILITY = YES_AGGRESSIVE;
				CLANG_WARN_UNREACHABLE_CODE = YES;
				CLANG_WARN__DUPLICATE_METHOD_MATCH = YES;
				COPY_PHASE_STRIP = NO;
				DEBUG_INFORMATION_FORMAT = "dwarf-with-dsym";
				ENABLE_NS_ASSERTIONS = NO;
				ENABLE_STRICT_OBJC_MSGSEND = YES;
				GCC_C_LANGUAGE_STANDARD = gnu11;
				GCC_NO_COMMON_BLOCKS = YES;
				GCC_WARN_64_TO_32_BIT_CONVERSION = YES;
				GCC_WARN_ABOUT_RETURN_TYPE = YES_ERROR;
				GCC_WARN_UNDECLARED_SELECTOR = YES;
				GCC_WARN_UNINITIALIZED_AUTOS = YES_AGGRESSIVE;
				GCC_WARN_UNUSED_FUNCTION = YES;
				GCC_WARN_UNUSED_VARIABLE = YES;
				IPHONEOS_DEPLOYMENT_TARGET = 15.5;
				MTL_ENABLE_DEBUG_INFO = NO;
				MTL_FAST_MATH = YES;
				SDKROOT = iphoneos;
				SWIFT_COMPILATION_MODE = wholemodule;
				SWIFT_OPTIMIZATION_LEVEL = "-O";
				VALIDATE_PRODUCT = YES;
			};
			name = Release;
		};
		2C9D042D28F1697000DD9559 /* Debug */ = {
			isa = XCBuildConfiguration;
			buildSettings = {
				ASSETCATALOG_COMPILER_APPICON_NAME = AppIcon;
				ASSETCATALOG_COMPILER_GLOBAL_ACCENT_COLOR_NAME = AccentColor;
				CODE_SIGN_STYLE = Automatic;
				CURRENT_PROJECT_VERSION = 1.0.0;
				DEVELOPMENT_TEAM = VWHA5CNUFD;
				GENERATE_INFOPLIST_FILE = YES;
				INFOPLIST_FILE = "Weather App/Info.plist";
				INFOPLIST_KEY_UIApplicationSupportsIndirectInputEvents = YES;
				INFOPLIST_KEY_UILaunchStoryboardName = LaunchScreen;
				INFOPLIST_KEY_UIMainStoryboardFile = Main;
				INFOPLIST_KEY_UISupportedInterfaceOrientations_iPad = "UIInterfaceOrientationPortrait UIInterfaceOrientationPortraitUpsideDown UIInterfaceOrientationLandscapeLeft UIInterfaceOrientationLandscapeRight";
				INFOPLIST_KEY_UISupportedInterfaceOrientations_iPhone = "UIInterfaceOrientationPortrait UIInterfaceOrientationLandscapeLeft UIInterfaceOrientationLandscapeRight";
				IPHONEOS_DEPLOYMENT_TARGET = 13.0;
				LD_RUNPATH_SEARCH_PATHS = (
					"$(inherited)",
					"@executable_path/Frameworks",
				);
				MARKETING_VERSION = 1.0.0;
				PRODUCT_BUNDLE_IDENTIFIER = "com.schaheersaleem.Weather-App";
				PRODUCT_NAME = "$(TARGET_NAME)";
				SWIFT_EMIT_LOC_STRINGS = YES;
				SWIFT_VERSION = 5.0;
				TARGETED_DEVICE_FAMILY = 1;
			};
			name = Debug;
		};
		2C9D042E28F1697000DD9559 /* Release */ = {
			isa = XCBuildConfiguration;
			buildSettings = {
				ASSETCATALOG_COMPILER_APPICON_NAME = AppIcon;
				ASSETCATALOG_COMPILER_GLOBAL_ACCENT_COLOR_NAME = AccentColor;
				CODE_SIGN_STYLE = Automatic;
				CURRENT_PROJECT_VERSION = 1.0.0;
				DEVELOPMENT_TEAM = VWHA5CNUFD;
				GENERATE_INFOPLIST_FILE = YES;
				INFOPLIST_FILE = "Weather App/Info.plist";
				INFOPLIST_KEY_UIApplicationSupportsIndirectInputEvents = YES;
				INFOPLIST_KEY_UILaunchStoryboardName = LaunchScreen;
				INFOPLIST_KEY_UIMainStoryboardFile = Main;
				INFOPLIST_KEY_UISupportedInterfaceOrientations_iPad = "UIInterfaceOrientationPortrait UIInterfaceOrientationPortraitUpsideDown UIInterfaceOrientationLandscapeLeft UIInterfaceOrientationLandscapeRight";
				INFOPLIST_KEY_UISupportedInterfaceOrientations_iPhone = "UIInterfaceOrientationPortrait UIInterfaceOrientationLandscapeLeft UIInterfaceOrientationLandscapeRight";
				IPHONEOS_DEPLOYMENT_TARGET = 13.0;
				LD_RUNPATH_SEARCH_PATHS = (
					"$(inherited)",
					"@executable_path/Frameworks",
				);
				MARKETING_VERSION = 1.0.0;
				PRODUCT_BUNDLE_IDENTIFIER = "com.schaheersaleem.Weather-App";
				PRODUCT_NAME = "$(TARGET_NAME)";
				SWIFT_EMIT_LOC_STRINGS = YES;
				SWIFT_VERSION = 5.0;
				TARGETED_DEVICE_FAMILY = 1;
			};
			name = Release;
		};
/* End XCBuildConfiguration section */

/* Begin XCConfigurationList section */
		2C9D041328F1696E00DD9559 /* Build configuration list for PBXProject "Weather App" */ = {
			isa = XCConfigurationList;
			buildConfigurations = (
				2C9D042A28F1697000DD9559 /* Debug */,
				2C9D042B28F1697000DD9559 /* Release */,
			);
			defaultConfigurationIsVisible = 0;
			defaultConfigurationName = Release;
		};
		2C9D042C28F1697000DD9559 /* Build configuration list for PBXNativeTarget "Weather App" */ = {
			isa = XCConfigurationList;
			buildConfigurations = (
				2C9D042D28F1697000DD9559 /* Debug */,
				2C9D042E28F1697000DD9559 /* Release */,
			);
			defaultConfigurationIsVisible = 0;
			defaultConfigurationName = Release;
		};
/* End XCConfigurationList section */
	};
	rootObject = 2C9D041028F1696E00DD9559 /* Project object */;
}
